
Microsoft Visual Studio Solution File, Format Version 12.00
# Visual Studio Version 17
VisualStudioVersion = 17.6.33815.320
MinimumVisualStudioVersion = 10.0.40219.1
Project("{FAE04EC0-301F-11D3-BF4B-00C04F79EFBC}") = "Host", "Host\Host.csproj", "{7083BC54-B164-4E42-B994-A9C12213BC61}"
EndProject
Project("{FAE04EC0-301F-11D3-BF4B-00C04F79EFBC}") = "Service", "Service\Service.csproj", "{4B198977-524D-464D-B4A5-3FB9700B4167}"
EndProject
Project("{FAE04EC0-301F-11D3-BF4B-00C04F79EFBC}") = "Domain", "Domain\Domain.csproj", "{9E93C37C-31C7-4A6D-9C29-23619BFDB2E6}"
EndProject
Project("{FAE04EC0-301F-11D3-BF4B-00C04F79EFBC}") = "DataAccess", "DataAccess\DataAccess.csproj", "{161F9518-6529-4BCE-A7D0-8BB8CB717AF8}"
EndProject
Global
	GlobalSection(SolutionConfigurationPlatforms) = preSolution
		Debug|Any CPU = Debug|Any CPU
		Release|Any CPU = Release|Any CPU
	EndGlobalSection
	GlobalSection(ProjectConfigurationPlatforms) = postSolution
		{7083BC54-B164-4E42-B994-A9C12213BC61}.Debug|Any CPU.ActiveCfg = Debug|Any CPU
		{7083BC54-B164-4E42-B994-A9C12213BC61}.Debug|Any CPU.Build.0 = Debug|Any CPU
		{7083BC54-B164-4E42-B994-A9C12213BC61}.Release|Any CPU.ActiveCfg = Release|Any CPU
		{7083BC54-B164-4E42-B994-A9C12213BC61}.Release|Any CPU.Build.0 = Release|Any CPU
		{4B198977-524D-464D-B4A5-3FB9700B4167}.Debug|Any CPU.ActiveCfg = Debug|Any CPU
		{4B198977-524D-464D-B4A5-3FB9700B4167}.Debug|Any CPU.Build.0 = Debug|Any CPU
		{4B198977-524D-464D-B4A5-3FB9700B4167}.Release|Any CPU.ActiveCfg = Release|Any CPU
		{4B198977-524D-464D-B4A5-3FB9700B4167}.Release|Any CPU.Build.0 = Release|Any CPU
		{9E93C37C-31C7-4A6D-9C29-23619BFDB2E6}.Debug|Any CPU.ActiveCfg = Debug|Any CPU
		{9E93C37C-31C7-4A6D-9C29-23619BFDB2E6}.Debug|Any CPU.Build.0 = Debug|Any CPU
		{9E93C37C-31C7-4A6D-9C29-23619BFDB2E6}.Release|Any CPU.ActiveCfg = Release|Any CPU
		{9E93C37C-31C7-4A6D-9C29-23619BFDB2E6}.Release|Any CPU.Build.0 = Release|Any CPU
		{161F9518-6529-4BCE-A7D0-8BB8CB717AF8}.Debug|Any CPU.ActiveCfg = Debug|Any CPU
		{161F9518-6529-4BCE-A7D0-8BB8CB717AF8}.Debug|Any CPU.Build.0 = Debug|Any CPU
		{161F9518-6529-4BCE-A7D0-8BB8CB717AF8}.Release|Any CPU.ActiveCfg = Release|Any CPU
		{161F9518-6529-4BCE-A7D0-8BB8CB717AF8}.Release|Any CPU.Build.0 = Release|Any CPU
	EndGlobalSection
	GlobalSection(SolutionProperties) = preSolution
		HideSolutionNode = FALSE
	EndGlobalSection
	GlobalSection(ExtensibilityGlobals) = postSolution
		SolutionGuid = {53F138A2-5195-4744-B9FF-AB4514732B34}
	EndGlobalSection
EndGlobal
